{
  "meteor": {
    "git": "https://github.com/meteor/meteor.git",
    "branch": "master",
    "commit": "2e78d0d110443ac6fb9471e6be1c136f15f03fd2"
  },
  "dependencies": {
    "basePackages": {
      "bootstrap-customizable": {},
      "bootstrap-less": {},
      "font-awesome": {}
    },
    "packages": {
      "bootstrap-customizable": {
        "git": "https://github.com/tomconnors/meteor-bootstrap-less",
        "tag": "v0.0.3",
        "commit": "fed1707912a2ba4189417267274f69f567770e61"
      },
      "bootstrap-less": {
        "git": "https://github.com/inhji/meteor-bootstrap-less",
        "tag": "v0.0.2",
        "commit": "a04086b7f86f1d3e8f58ab801b37d08c40688693"
      },
      "font-awesome": {
        "git": "https://github.com/nate-strauser/meteor-font-awesome.git",
        "tag": "v3.2.0",
        "commit": "2cba6f907a2579cae2d399b522f9544c13d5e091"
      }
    }
  }
}
