{
  "meteor": {
    "git": "https://github.com/meteor/meteor.git",
    "branch": "master",
    "commit": "2e78d0d110443ac6fb9471e6be1c136f15f03fd2"
  },
  "dependencies": {
    "basePackages": {
      "font-awesome": {},
      "bootstrap-less": {},
      "sugar": {}
    },
    "packages": {
      "font-awesome": {
        "git": "https://github.com/nate-strauser/meteor-font-awesome.git",
        "tag": "v3.2.0",
        "commit": "2cba6f907a2579cae2d399b522f9544c13d5e091"
      },
      "bootstrap-less": {
        "git": "https://github.com/inhji/meteor-bootstrap-less",
        "tag": "v0.0.2",
        "commit": "a04086b7f86f1d3e8f58ab801b37d08c40688693"
      },
      "sugar": {
        "git": "https://github.com/bevanhunt/meteor-sugar.git",
        "tag": "v0.0.9",
        "commit": "751a4465e0a7d7e4e800e794ca1e6a449e15e63d"
      }
    }
  }
}
