{
  "meteor": {},
  "dependencies": {
    "basePackages": {
      "sugar": {},
      "bootstrap3-less": {}
    },
    "packages": {
      "sugar": {
        "git": "https://github.com/bevanhunt/meteor-sugar.git",
        "tag": "v0.1.6",
        "commit": "8973ed7e027e260a572571d02d0f4a428ca866f9"
      },
      "bootstrap3-less": {
        "git": "https://github.com/eprochasson/bootstrap3-less",
        "tag": "v0.1.9",
        "commit": "5c812c4d7ce72917a065f0424c3cf54e5ff2d16a"
      }
    }
  }
}
