{
  "meteor": {},
  "dependencies": {
    "basePackages": {
      "sugar": {},
      "font-awesome": {}
    },
    "packages": {
      "sugar": {
        "git": "https://github.com/bevanhunt/meteor-sugar.git",
        "tag": "v0.0.9",
        "commit": "751a4465e0a7d7e4e800e794ca1e6a449e15e63d"
      },
      "font-awesome": {
        "git": "https://github.com/nate-strauser/meteor-font-awesome.git",
        "tag": "v3.2.1",
        "commit": "38bdfff72dfb8857b272f9a9b056045d6a015489"
      }
    }
  }
}
